
Microsoft Visual Studio Solution File, Format Version 12.00
# Visual Studio 15
VisualStudioVersion = 15.0.27428.1
MinimumVisualStudioVersion = 10.0.40219.1
Project("{FAE04EC0-301F-11D3-BF4B-00C04F79EFBC}") = "trackerAPi", "trackerAPi\trackerAPi.csproj", "{7A861F92-8FF7-4EC7-8D36-1B60B7E7DCFC}"
EndProject
Global
	GlobalSection(SolutionConfigurationPlatforms) = preSolution
		Debug|Any CPU = Debug|Any CPU
		Release|Any CPU = Release|Any CPU
	EndGlobalSection
	GlobalSection(ProjectConfigurationPlatforms) = postSolution
		{7A861F92-8FF7-4EC7-8D36-1B60B7E7DCFC}.Debug|Any CPU.ActiveCfg = Debug|Any CPU
		{7A861F92-8FF7-4EC7-8D36-1B60B7E7DCFC}.Debug|Any CPU.Build.0 = Debug|Any CPU
		{7A861F92-8FF7-4EC7-8D36-1B60B7E7DCFC}.Release|Any CPU.ActiveCfg = Release|Any CPU
		{7A861F92-8FF7-4EC7-8D36-1B60B7E7DCFC}.Release|Any CPU.Build.0 = Release|Any CPU
	EndGlobalSection
	GlobalSection(SolutionProperties) = preSolution
		HideSolutionNode = FALSE
	EndGlobalSection
	GlobalSection(ExtensibilityGlobals) = postSolution
		SolutionGuid = {397975C2-4BAE-443D-81C8-958DEBED7F57}
	EndGlobalSection
EndGlobal
